
Microsoft Visual Studio Solution File, Format Version 12.00
# Visual Studio Version 17
VisualStudioVersion = 17.14.36930.0 d17.14
MinimumVisualStudioVersion = 10.0.40219.1
Project("{FAE04EC0-301F-11D3-BF4B-00C04F79EFBC}") = "JwtAuthDemo", "JwtAuthDemo\JwtAuthDemo.csproj", "{EACA1127-BFC7-4EBD-AEBC-7F1B9FDEBAD2}"
EndProject
Global
	GlobalSection(SolutionConfigurationPlatforms) = preSolution
		Debug|Any CPU = Debug|Any CPU
		Release|Any CPU = Release|Any CPU
	EndGlobalSection
	GlobalSection(ProjectConfigurationPlatforms) = postSolution
		{EACA1127-BFC7-4EBD-AEBC-7F1B9FDEBAD2}.Debug|Any CPU.ActiveCfg = Debug|Any CPU
		{EACA1127-BFC7-4EBD-AEBC-7F1B9FDEBAD2}.Debug|Any CPU.Build.0 = Debug|Any CPU
		{EACA1127-BFC7-4EBD-AEBC-7F1B9FDEBAD2}.Release|Any CPU.ActiveCfg = Release|Any CPU
		{EACA1127-BFC7-4EBD-AEBC-7F1B9FDEBAD2}.Release|Any CPU.Build.0 = Release|Any CPU
	EndGlobalSection
	GlobalSection(SolutionProperties) = preSolution
		HideSolutionNode = FALSE
	EndGlobalSection
	GlobalSection(ExtensibilityGlobals) = postSolution
		SolutionGuid = {36511DF5-D7A6-4735-8731-220319D77D7A}
	EndGlobalSection
EndGlobal
